
Microsoft Visual Studio Solution File, Format Version 12.00
# Visual Studio Version 17
VisualStudioVersion = 17.14.36623.8
MinimumVisualStudioVersion = 10.0.40219.1
Project("{FAE04EC0-301F-11D3-BF4B-00C04F79EFBC}") = "GamingZoneApp", "GamingZoneApp\GamingZoneApp.csproj", "{019770A3-B490-4D69-80F0-ABFC444BD146}"
EndProject
Project("{FAE04EC0-301F-11D3-BF4B-00C04F79EFBC}") = "GamingZoneApp.Data", "GamingZoneApp.Data\GamingZoneApp.Data.csproj", "{68DF5303-AA3D-43D5-AF3B-44D1A931AC3A}"
EndProject
Project("{FAE04EC0-301F-11D3-BF4B-00C04F79EFBC}") = "GamingZoneApp.Services", "GamingZoneApp.Services\GamingZoneApp.Services.csproj", "{E5724DA0-B523-4AAD-A991-FCEF12C11B5B}"
EndProject
Project("{FAE04EC0-301F-11D3-BF4B-00C04F79EFBC}") = "GamingZoneApp.Data.Common", "GamingZoneApp.Data.Common\GamingZoneApp.Data.Common.csproj", "{0E473D8C-A0B1-4E2E-A8E8-24C255382990}"
EndProject
Global
	GlobalSection(SolutionConfigurationPlatforms) = preSolution
		Debug|Any CPU = Debug|Any CPU
		Release|Any CPU = Release|Any CPU
	EndGlobalSection
	GlobalSection(ProjectConfigurationPlatforms) = postSolution
		{019770A3-B490-4D69-80F0-ABFC444BD146}.Debug|Any CPU.ActiveCfg = Debug|Any CPU
		{019770A3-B490-4D69-80F0-ABFC444BD146}.Debug|Any CPU.Build.0 = Debug|Any CPU
		{019770A3-B490-4D69-80F0-ABFC444BD146}.Release|Any CPU.ActiveCfg = Release|Any CPU
		{019770A3-B490-4D69-80F0-ABFC444BD146}.Release|Any CPU.Build.0 = Release|Any CPU
		{68DF5303-AA3D-43D5-AF3B-44D1A931AC3A}.Debug|Any CPU.ActiveCfg = Debug|Any CPU
		{68DF5303-AA3D-43D5-AF3B-44D1A931AC3A}.Debug|Any CPU.Build.0 = Debug|Any CPU
		{68DF5303-AA3D-43D5-AF3B-44D1A931AC3A}.Release|Any CPU.ActiveCfg = Release|Any CPU
		{68DF5303-AA3D-43D5-AF3B-44D1A931AC3A}.Release|Any CPU.Build.0 = Release|Any CPU
		{E5724DA0-B523-4AAD-A991-FCEF12C11B5B}.Debug|Any CPU.ActiveCfg = Debug|Any CPU
		{E5724DA0-B523-4AAD-A991-FCEF12C11B5B}.Debug|Any CPU.Build.0 = Debug|Any CPU
		{E5724DA0-B523-4AAD-A991-FCEF12C11B5B}.Release|Any CPU.ActiveCfg = Release|Any CPU
		{E5724DA0-B523-4AAD-A991-FCEF12C11B5B}.Release|Any CPU.Build.0 = Release|Any CPU
		{0E473D8C-A0B1-4E2E-A8E8-24C255382990}.Debug|Any CPU.ActiveCfg = Debug|Any CPU
		{0E473D8C-A0B1-4E2E-A8E8-24C255382990}.Debug|Any CPU.Build.0 = Debug|Any CPU
		{0E473D8C-A0B1-4E2E-A8E8-24C255382990}.Release|Any CPU.ActiveCfg = Release|Any CPU
		{0E473D8C-A0B1-4E2E-A8E8-24C255382990}.Release|Any CPU.Build.0 = Release|Any CPU
	EndGlobalSection
	GlobalSection(SolutionProperties) = preSolution
		HideSolutionNode = FALSE
	EndGlobalSection
	GlobalSection(ExtensibilityGlobals) = postSolution
		SolutionGuid = {4042AE11-6A9C-4040-B173-5808C61D5B85}
	EndGlobalSection
EndGlobal
